{
  "pins" : [
    {
      "identity" : "convex-swift",
      "kind" : "remoteSourceControl",
      "location" : "https://github.com/get-convex/convex-swift",
      "state" : {
        "revision" : "6a87b8a74bf8c9d36f205558bf6eff90fbd36673",
        "version" : "0.7.0"
      }
    },
    {
      "identity" : "fluidaudio",
      "kind" : "remoteSourceControl",
      "location" : "https://github.com/FluidInference/FluidAudio.git",
      "state" : {
        "revision" : "6c40eca4310efffe80e723f1e628f6cf76d3feaf",
        "version" : "0.13.5"
      }
    }
  ],
  "version" : 3
}
